// !$*UTF8*$!
{
	archiveVersion = 1;
	classes = {
	};
	objectVersion = 50;
	objects = {

/* Begin PBXBuildFile section */
		166C813C228671C10030C019 /* URLComponentsBuilder.swift in Sources */ = {isa = PBXBuildFile; fileRef = 166C813B228671C10030C019 /* URLComponentsBuilder.swift */; };
		166C81492286720C0030C019 /* URLComponentsBuilderTests.swift in Sources */ = {isa = PBXBuildFile; fileRef = 166C81482286720C0030C019 /* URLComponentsBuilderTests.swift */; };
		166C814B2286720C0030C019 /* libURLComponentsBuilder.a in Frameworks */ = {isa = PBXBuildFile; fileRef = 166C8138228671C10030C019 /* libURLComponentsBuilder.a */; };
/* End PBXBuildFile section */

/* Begin PBXContainerItemProxy section */
		166C814C2286720C0030C019 /* PBXContainerItemProxy */ = {
			isa = PBXContainerItemProxy;
			containerPortal = 166C8130228671C10030C019 /* Project object */;
			proxyType = 1;
			remoteGlobalIDString = 166C8137228671C10030C019;
			remoteInfo = URLComponentsBuilder;
		};
/* End PBXContainerItemProxy section */

/* Begin PBXCopyFilesBuildPhase section */
		166C8136228671C10030C019 /* CopyFiles */ = {
			isa = PBXCopyFilesBuildPhase;
			buildActionMask = 2147483647;
			dstPath = "include/$(PRODUCT_NAME)";
			dstSubfolderSpec = 16;
			files = (
			);
			runOnlyForDeploymentPostprocessing = 0;
		};
/* End PBXCopyFilesBuildPhase section */

/* Begin PBXFileReference section */
		166C8138228671C10030C019 /* libURLComponentsBuilder.a */ = {isa = PBXFileReference; explicitFileType = archive.ar; includeInIndex = 0; path = libURLComponentsBuilder.a; sourceTree = BUILT_PRODUCTS_DIR; };
		166C813B228671C10030C019 /* URLComponentsBuilder.swift */ = {isa = PBXFileReference; lastKnownFileType = sourcecode.swift; path = URLComponentsBuilder.swift; sourceTree = "<group>"; };
		166C81462286720C0030C019 /* URLComponentsBuilderTests.xctest */ = {isa = PBXFileReference; explicitFileType = wrapper.cfbundle; includeInIndex = 0; path = URLComponentsBuilderTests.xctest; sourceTree = BUILT_PRODUCTS_DIR; };
		166C81482286720C0030C019 /* URLComponentsBuilderTests.swift */ = {isa = PBXFileReference; lastKnownFileType = sourcecode.swift; path = URLComponentsBuilderTests.swift; sourceTree = "<group>"; };
		166C814A2286720C0030C019 /* Info.plist */ = {isa = PBXFileReference; lastKnownFileType = text.plist.xml; path = Info.plist; sourceTree = "<group>"; };
/* End PBXFileReference section */

/* Begin PBXFrameworksBuildPhase section */
		166C8135228671C10030C019 /* Frameworks */ = {
			isa = PBXFrameworksBuildPhase;
			buildActionMask = 2147483647;
			files = (
			);
			runOnlyForDeploymentPostprocessing = 0;
		};
		166C81432286720C0030C019 /* Frameworks */ = {
			isa = PBXFrameworksBuildPhase;
			buildActionMask = 2147483647;
			files = (
				166C814B2286720C0030C019 /* libURLComponentsBuilder.a in Frameworks */,
			);
			runOnlyForDeploymentPostprocessing = 0;
		};
/* End PBXFrameworksBuildPhase section */

/* Begin PBXGroup section */
		166C812F228671C10030C019 = {
			isa = PBXGroup;
			children = (
				166C813A228671C10030C019 /* URLComponentsBuilder */,
				166C81472286720C0030C019 /* URLComponentsBuilderTests */,
				166C8139228671C10030C019 /* Products */,
			);
			sourceTree = "<group>";
		};
		166C8139228671C10030C019 /* Products */ = {
			isa = PBXGroup;
			children = (
				166C8138228671C10030C019 /* libURLComponentsBuilder.a */,
				166C81462286720C0030C019 /* URLComponentsBuilderTests.xctest */,
			);
			name = Products;
			sourceTree = "<group>";
		};
		166C813A228671C10030C019 /* URLComponentsBuilder */ = {
			isa = PBXGroup;
			children = (
				166C813B228671C10030C019 /* URLComponentsBuilder.swift */,
			);
			path = URLComponentsBuilder;
			sourceTree = "<group>";
		};
		166C81472286720C0030C019 /* URLComponentsBuilderTests */ = {
			isa = PBXGroup;
			children = (
				166C81482286720C0030C019 /* URLComponentsBuilderTests.swift */,
				166C814A2286720C0030C019 /* Info.plist */,
			);
			path = URLComponentsBuilderTests;
			sourceTree = "<group>";
		};
/* End PBXGroup section */

/* Begin PBXNativeTarget section */
		166C8137228671C10030C019 /* URLComponentsBuilder */ = {
			isa = PBXNativeTarget;
			buildConfigurationList = 166C813F228671C10030C019 /* Build configuration list for PBXNativeTarget "URLComponentsBuilder" */;
			buildPhases = (
				166C8134228671C10030C019 /* Sources */,
				166C8135228671C10030C019 /* Frameworks */,
				166C8136228671C10030C019 /* CopyFiles */,
			);
			buildRules = (
			);
			dependencies = (
			);
			name = URLComponentsBuilder;
			productName = URLComponentsBuilder;
			productReference = 166C8138228671C10030C019 /* libURLComponentsBuilder.a */;
			productType = "com.apple.product-type.library.static";
		};
		166C81452286720C0030C019 /* URLComponentsBuilderTests */ = {
			isa = PBXNativeTarget;
			buildConfigurationList = 166C814E2286720C0030C019 /* Build configuration list for PBXNativeTarget "URLComponentsBuilderTests" */;
			buildPhases = (
				166C81422286720C0030C019 /* Sources */,
				166C81432286720C0030C019 /* Frameworks */,
				166C81442286720C0030C019 /* Resources */,
			);
			buildRules = (
			);
			dependencies = (
				166C814D2286720C0030C019 /* PBXTargetDependency */,
			);
			name = URLComponentsBuilderTests;
			productName = URLComponentsBuilderTests;
			productReference = 166C81462286720C0030C019 /* URLComponentsBuilderTests.xctest */;
			productType = "com.apple.product-type.bundle.unit-test";
		};
/* End PBXNativeTarget section */

/* Begin PBXProject section */
		166C8130228671C10030C019 /* Project object */ = {
			isa = PBXProject;
			attributes = {
				LastSwiftUpdateCheck = 1010;
				LastUpgradeCheck = 1010;
				ORGANIZATIONNAME = MellonTec;
				TargetAttributes = {
					166C8137228671C10030C019 = {
						CreatedOnToolsVersion = 10.1;
					};
					166C81452286720C0030C019 = {
						CreatedOnToolsVersion = 10.1;
					};
				};
			};
			buildConfigurationList = 166C8133228671C10030C019 /* Build configuration list for PBXProject "URLComponentsBuilder" */;
			compatibilityVersion = "Xcode 9.3";
			developmentRegion = en;
			hasScannedForEncodings = 0;
			knownRegions = (
				en,
			);
			mainGroup = 166C812F228671C10030C019;
			productRefGroup = 166C8139228671C10030C019 /* Products */;
			projectDirPath = "";
			projectRoot = "";
			targets = (
				166C8137228671C10030C019 /* URLComponentsBuilder */,
				166C81452286720C0030C019 /* URLComponentsBuilderTests */,
			);
		};
/* End PBXProject section */

/* Begin PBXResourcesBuildPhase section */
		166C81442286720C0030C019 /* Resources */ = {
			isa = PBXResourcesBuildPhase;
			buildActionMask = 2147483647;
			files = (
			);
			runOnlyForDeploymentPostprocessing = 0;
		};
/* End PBXResourcesBuildPhase section */

/* Begin PBXSourcesBuildPhase section */
		166C8134228671C10030C019 /* Sources */ = {
			isa = PBXSourcesBuildPhase;
			buildActionMask = 2147483647;
			files = (
				166C813C228671C10030C019 /* URLComponentsBuilder.swift in Sources */,
			);
			runOnlyForDeploymentPostprocessing = 0;
		};
		166C81422286720C0030C019 /* Sources */ = {
			isa = PBXSourcesBuildPhase;
			buildActionMask = 2147483647;
			files = (
				166C81492286720C0030C019 /* URLComponentsBuilderTests.swift in Sources */,
			);
			runOnlyForDeploymentPostprocessing = 0;
		};
/* End PBXSourcesBuildPhase section */

/* Begin PBXTargetDependency section */
		166C814D2286720C0030C019 /* PBXTargetDependency */ = {
			isa = PBXTargetDependency;
			target = 166C8137228671C10030C019 /* URLComponentsBuilder */;
			targetProxy = 166C814C2286720C0030C019 /* PBXContainerItemProxy */;
		};
/* End PBXTargetDependency section */

/* Begin XCBuildConfiguration section */
		166C813D228671C10030C019 /* Debug */ = {
			isa = XCBuildConfiguration;
			buildSettings = {
				ALWAYS_SEARCH_USER_PATHS = NO;
				CLANG_ANALYZER_NONNULL = YES;
				CLANG_ANALYZER_NUMBER_OBJECT_CONVERSION = YES_AGGRESSIVE;
				CLANG_CXX_LANGUAGE_STANDARD = "gnu++14";
				CLANG_CXX_LIBRARY = "libc++";
				CLANG_ENABLE_MODULES = YES;
				CLANG_ENABLE_OBJC_ARC = YES;
				CLANG_ENABLE_OBJC_WEAK = YES;
				CLANG_WARN_BLOCK_CAPTURE_AUTORELEASING = YES;
				CLANG_WARN_BOOL_CONVERSION = YES;
				CLANG_WARN_COMMA = YES;
				CLANG_WARN_CONSTANT_CONVERSION = YES;
				CLANG_WARN_DEPRECATED_OBJC_IMPLEMENTATIONS = YES;
				CLANG_WARN_DIRECT_OBJC_ISA_USAGE = YES_ERROR;
				CLANG_WARN_DOCUMENTATION_COMMENTS = YES;
				CLANG_WARN_EMPTY_BODY = YES;
				CLANG_WARN_ENUM_CONVERSION = YES;
				CLANG_WARN_INFINITE_RECURSION = YES;
				CLANG_WARN_INT_CONVERSION = YES;
				CLANG_WARN_NON_LITERAL_NULL_CONVERSION = YES;
				CLANG_WARN_OBJC_IMPLICIT_RETAIN_SELF = YES;
				CLANG_WARN_OBJC_LITERAL_CONVERSION = YES;
				CLANG_WARN_OBJC_ROOT_CLASS = YES_ERROR;
				CLANG_WARN_RANGE_LOOP_ANALYSIS = YES;
				CLANG_WARN_STRICT_PROTOTYPES = YES;
				CLANG_WARN_SUSPICIOUS_MOVE = YES;
				CLANG_WARN_UNGUARDED_AVAILABILITY = YES_AGGRESSIVE;
				CLANG_WARN_UNREACHABLE_CODE = YES;
				CLANG_WARN__DUPLICATE_METHOD_MATCH = YES;
				CODE_SIGN_IDENTITY = "iPhone Developer";
				COPY_PHASE_STRIP = NO;
				DEBUG_INFORMATION_FORMAT = dwarf;
				ENABLE_STRICT_OBJC_MSGSEND = YES;
				ENABLE_TESTABILITY = YES;
				GCC_C_LANGUAGE_STANDARD = gnu11;
				GCC_DYNAMIC_NO_PIC = NO;
				GCC_NO_COMMON_BLOCKS = YES;
				GCC_OPTIMIZATION_LEVEL = 0;
				GCC_PREPROCESSOR_DEFINITIONS = (
					"DEBUG=1",
					"$(inherited)",
				);
				GCC_WARN_64_TO_32_BIT_CONVERSION = YES;
				GCC_WARN_ABOUT_RETURN_TYPE = YES_ERROR;
				GCC_WARN_UNDECLARED_SELECTOR = YES;
				GCC_WARN_UNINITIALIZED_AUTOS = YES_AGGRESSIVE;
				GCC_WARN_UNUSED_FUNCTION = YES;
				GCC_WARN_UNUSED_VARIABLE = YES;
				IPHONEOS_DEPLOYMENT_TARGET = 10.0;
				MTL_ENABLE_DEBUG_INFO = INCLUDE_SOURCE;
				MTL_FAST_MATH = YES;
				ONLY_ACTIVE_ARCH = YES;
				SDKROOT = iphoneos;
				SWIFT_ACTIVE_COMPILATION_CONDITIONS = DEBUG;
				SWIFT_OPTIMIZATION_LEVEL = "-Onone";
			};
			name = Debug;
		};
		166C813E228671C10030C019 /* Release */ = {
			isa = XCBuildConfiguration;
			buildSettings = {
				ALWAYS_SEARCH_USER_PATHS = NO;
				CLANG_ANALYZER_NONNULL = YES;
				CLANG_ANALYZER_NUMBER_OBJECT_CONVERSION = YES_AGGRESSIVE;
				CLANG_CXX_LANGUAGE_STANDARD = "gnu++14";
				CLANG_CXX_LIBRARY = "libc++";
				CLANG_ENABLE_MODULES = YES;
				CLANG_ENABLE_OBJC_ARC = YES;
				CLANG_ENABLE_OBJC_WEAK = YES;
				CLANG_WARN_BLOCK_CAPTURE_AUTORELEASING = YES;
				CLANG_WARN_BOOL_CONVERSION = YES;
				CLANG_WARN_COMMA = YES;
				CLANG_WARN_CONSTANT_CONVERSION = YES;
				CLANG_WARN_DEPRECATED_OBJC_IMPLEMENTATIONS = YES;
				CLANG_WARN_DIRECT_OBJC_ISA_USAGE = YES_ERROR;
				CLANG_WARN_DOCUMENTATION_COMMENTS = YES;
				CLANG_WARN_EMPTY_BODY = YES;
				CLANG_WARN_ENUM_CONVERSION = YES;
				CLANG_WARN_INFINITE_RECURSION = YES;
				CLANG_WARN_INT_CONVERSION = YES;
				CLANG_WARN_NON_LITERAL_NULL_CONVERSION = YES;
				CLANG_WARN_OBJC_IMPLICIT_RETAIN_SELF = YES;
				CLANG_WARN_OBJC_LITERAL_CONVERSION = YES;
				CLANG_WARN_OBJC_ROOT_CLASS = YES_ERROR;
				CLANG_WARN_RANGE_LOOP_ANALYSIS = YES;
				CLANG_WARN_STRICT_PROTOTYPES = YES;
				CLANG_WARN_SUSPICIOUS_MOVE = YES;
				CLANG_WARN_UNGUARDED_AVAILABILITY = YES_AGGRESSIVE;
				CLANG_WARN_UNREACHABLE_CODE = YES;
				CLANG_WARN__DUPLICATE_METHOD_MATCH = YES;
				CODE_SIGN_IDENTITY = "iPhone Developer";
				COPY_PHASE_STRIP = NO;
				DEBUG_INFORMATION_FORMAT = "dwarf-with-dsym";
				ENABLE_NS_ASSERTIONS = NO;
				ENABLE_STRICT_OBJC_MSGSEND = YES;
				GCC_C_LANGUAGE_STANDARD = gnu11;
				GCC_NO_COMMON_BLOCKS = YES;
				GCC_WARN_64_TO_32_BIT_CONVERSION = YES;
				GCC_WARN_ABOUT_RETURN_TYPE = YES_ERROR;
				GCC_WARN_UNDECLARED_SELECTOR = YES;
				GCC_WARN_UNINITIALIZED_AUTOS = YES_AGGRESSIVE;
				GCC_WARN_UNUSED_FUNCTION = YES;
				GCC_WARN_UNUSED_VARIABLE = YES;
				IPHONEOS_DEPLOYMENT_TARGET = 10.0;
				MTL_ENABLE_DEBUG_INFO = NO;
				MTL_FAST_MATH = YES;
				SDKROOT = iphoneos;
				SWIFT_COMPILATION_MODE = wholemodule;
				SWIFT_OPTIMIZATION_LEVEL = "-O";
				VALIDATE_PRODUCT = YES;
			};
			name = Release;
		};
		166C8140228671C10030C019 /* Debug */ = {
			isa = XCBuildConfiguration;
			buildSettings = {
				CODE_SIGN_STYLE = Automatic;
				DEVELOPMENT_TEAM = LDVQUVL36B;
				OTHER_LDFLAGS = "-ObjC";
				PRODUCT_NAME = "$(TARGET_NAME)";
				SKIP_INSTALL = YES;
				SWIFT_VERSION = 4.2;
				TARGETED_DEVICE_FAMILY = "1,2";
			};
			name = Debug;
		};
		166C8141228671C10030C019 /* Release */ = {
			isa = XCBuildConfiguration;
			buildSettings = {
				CODE_SIGN_STYLE = Automatic;
				DEVELOPMENT_TEAM = LDVQUVL36B;
				OTHER_LDFLAGS = "-ObjC";
				PRODUCT_NAME = "$(TARGET_NAME)";
				SKIP_INSTALL = YES;
				SWIFT_VERSION = 4.2;
				TARGETED_DEVICE_FAMILY = "1,2";
			};
			name = Release;
		};
		166C814F2286720C0030C019 /* Debug */ = {
			isa = XCBuildConfiguration;
			buildSettings = {
				CODE_SIGN_STYLE = Automatic;
				DEVELOPMENT_TEAM = LDVQUVL36B;
				INFOPLIST_FILE = URLComponentsBuilderTests/Info.plist;
				LD_RUNPATH_SEARCH_PATHS = (
					"$(inherited)",
					"@executable_path/Frameworks",
					"@loader_path/Frameworks",
				);
				PRODUCT_BUNDLE_IDENTIFIER = com.mellontec.URLComponentsBuilderTests;
				PRODUCT_NAME = "$(TARGET_NAME)";
				SWIFT_VERSION = 4.2;
				TARGETED_DEVICE_FAMILY = "1,2";
			};
			name = Debug;
		};
		166C81502286720C0030C019 /* Release */ = {
			isa = XCBuildConfiguration;
			buildSettings = {
				CODE_SIGN_STYLE = Automatic;
				DEVELOPMENT_TEAM = LDVQUVL36B;
				INFOPLIST_FILE = URLComponentsBuilderTests/Info.plist;
				LD_RUNPATH_SEARCH_PATHS = (
					"$(inherited)",
					"@executable_path/Frameworks",
					"@loader_path/Frameworks",
				);
				PRODUCT_BUNDLE_IDENTIFIER = com.mellontec.URLComponentsBuilderTests;
				PRODUCT_NAME = "$(TARGET_NAME)";
				SWIFT_VERSION = 4.2;
				TARGETED_DEVICE_FAMILY = "1,2";
			};
			name = Release;
		};
/* End XCBuildConfiguration section */

/* Begin XCConfigurationList section */
		166C8133228671C10030C019 /* Build configuration list for PBXProject "URLComponentsBuilder" */ = {
			isa = XCConfigurationList;
			buildConfigurations = (
				166C813D228671C10030C019 /* Debug */,
				166C813E228671C10030C019 /* Release */,
			);
			defaultConfigurationIsVisible = 0;
			defaultConfigurationName = Release;
		};
		166C813F228671C10030C019 /* Build configuration list for PBXNativeTarget "URLComponentsBuilder" */ = {
			isa = XCConfigurationList;
			buildConfigurations = (
				166C8140228671C10030C019 /* Debug */,
				166C8141228671C10030C019 /* Release */,
			);
			defaultConfigurationIsVisible = 0;
			defaultConfigurationName = Release;
		};
		166C814E2286720C0030C019 /* Build configuration list for PBXNativeTarget "URLComponentsBuilderTests" */ = {
			isa = XCConfigurationList;
			buildConfigurations = (
				166C814F2286720C0030C019 /* Debug */,
				166C81502286720C0030C019 /* Release */,
			);
			defaultConfigurationIsVisible = 0;
			defaultConfigurationName = Release;
		};
/* End XCConfigurationList section */
	};
	rootObject = 166C8130228671C10030C019 /* Project object */;
}
